
Microsoft Visual Studio Solution File, Format Version 12.00
# Visual Studio Version 17
VisualStudioVersion = 17.5.33530.505
MinimumVisualStudioVersion = 10.0.40219.1
Project("{9A19103F-16F7-4668-BE54-9A1E7A4F7556}") = "Marketer", "Marketer.csproj", "{0F9C9359-D51E-468C-8E4B-598FBC167CED}"
EndProject
Project("{FAE04EC0-301F-11D3-BF4B-00C04F79EFBC}") = "MarketerTests", "..\MarketerTests\MarketerTests.csproj", "{22E9CCE1-70C3-4AC7-8E45-04F034EA553C}"
EndProject
Global
	GlobalSection(SolutionConfigurationPlatforms) = preSolution
		Debug|Any CPU = Debug|Any CPU
		Release|Any CPU = Release|Any CPU
	EndGlobalSection
	GlobalSection(ProjectConfigurationPlatforms) = postSolution
		{0F9C9359-D51E-468C-8E4B-598FBC167CED}.Debug|Any CPU.ActiveCfg = Debug|Any CPU
		{0F9C9359-D51E-468C-8E4B-598FBC167CED}.Debug|Any CPU.Build.0 = Debug|Any CPU
		{0F9C9359-D51E-468C-8E4B-598FBC167CED}.Release|Any CPU.ActiveCfg = Release|Any CPU
		{0F9C9359-D51E-468C-8E4B-598FBC167CED}.Release|Any CPU.Build.0 = Release|Any CPU
		{22E9CCE1-70C3-4AC7-8E45-04F034EA553C}.Debug|Any CPU.ActiveCfg = Debug|Any CPU
		{22E9CCE1-70C3-4AC7-8E45-04F034EA553C}.Debug|Any CPU.Build.0 = Debug|Any CPU
		{22E9CCE1-70C3-4AC7-8E45-04F034EA553C}.Release|Any CPU.ActiveCfg = Release|Any CPU
		{22E9CCE1-70C3-4AC7-8E45-04F034EA553C}.Release|Any CPU.Build.0 = Release|Any CPU
	EndGlobalSection
	GlobalSection(SolutionProperties) = preSolution
		HideSolutionNode = FALSE
	EndGlobalSection
	GlobalSection(ExtensibilityGlobals) = postSolution
		SolutionGuid = {F2B58B5F-4ED5-4BE5-A23C-022BB0BE9A6A}
	EndGlobalSection
EndGlobal
